# IF THERE'S A GIT CONFLICT IN THIS FILE, DON'T SOLVE IT MANUALLY!
# INSTEAD EXECUTE `prisma2 migrate fix`
# Prisma Migrate lockfile v1
# Read more about conflict resolution here: TODO

20200222184359-init
20200222185152-fix-created_at
20200222203421-see-if-this-works
20200222204228-make-created-at-create-itself
20200222204404